// !$*UTF8*$!
{
	archiveVersion = 1;
	classes = {
	};
	objectVersion = 50;
	objects = {

/* Begin PBXBuildFile section */
		CC047A6B24C94F93006924B3 /* Constants.swift in Sources */ = {isa = PBXBuildFile; fileRef = CC047A6A24C94F93006924B3 /* Constants.swift */; };
		CC3CD31A24CEB63C00BE75E8 /* CacheManager.swift in Sources */ = {isa = PBXBuildFile; fileRef = CC3CD31924CEB63C00BE75E8 /* CacheManager.swift */; };
		CC5B392424C9710E00F96FCC /* Videos.swift in Sources */ = {isa = PBXBuildFile; fileRef = CC5B392324C9710E00F96FCC /* Videos.swift */; };
		CC5B392624C9716400F96FCC /* Model.swift in Sources */ = {isa = PBXBuildFile; fileRef = CC5B392524C9716400F96FCC /* Model.swift */; };
		CC6ED1A424C92E7300F88E1E /* AppDelegate.swift in Sources */ = {isa = PBXBuildFile; fileRef = CC6ED1A324C92E7300F88E1E /* AppDelegate.swift */; };
		CC6ED1A624C92E7300F88E1E /* SceneDelegate.swift in Sources */ = {isa = PBXBuildFile; fileRef = CC6ED1A524C92E7300F88E1E /* SceneDelegate.swift */; };
		CC6ED1A824C92E7300F88E1E /* ViewController.swift in Sources */ = {isa = PBXBuildFile; fileRef = CC6ED1A724C92E7300F88E1E /* ViewController.swift */; };
		CC6ED1AB24C92E7300F88E1E /* Main.storyboard in Resources */ = {isa = PBXBuildFile; fileRef = CC6ED1A924C92E7300F88E1E /* Main.storyboard */; };
		CC6ED1AD24C92E7400F88E1E /* Assets.xcassets in Resources */ = {isa = PBXBuildFile; fileRef = CC6ED1AC24C92E7400F88E1E /* Assets.xcassets */; };
		CC6ED1B024C92E7400F88E1E /* LaunchScreen.storyboard in Resources */ = {isa = PBXBuildFile; fileRef = CC6ED1AE24C92E7400F88E1E /* LaunchScreen.storyboard */; };
		CCCE297924C99C6D00B16ED0 /* Response.swift in Sources */ = {isa = PBXBuildFile; fileRef = CCCE297824C99C6D00B16ED0 /* Response.swift */; };
		CCF2729E24CE8AA800430407 /* VideoTableViewCell.swift in Sources */ = {isa = PBXBuildFile; fileRef = CCF2729D24CE8AA800430407 /* VideoTableViewCell.swift */; };
/* End PBXBuildFile section */

/* Begin PBXFileReference section */
		CC047A6A24C94F93006924B3 /* Constants.swift */ = {isa = PBXFileReference; lastKnownFileType = sourcecode.swift; name = Constants.swift; path = ../Constants.swift; sourceTree = "<group>"; };
		CC3CD31924CEB63C00BE75E8 /* CacheManager.swift */ = {isa = PBXFileReference; lastKnownFileType = sourcecode.swift; path = CacheManager.swift; sourceTree = "<group>"; };
		CC5B392324C9710E00F96FCC /* Videos.swift */ = {isa = PBXFileReference; lastKnownFileType = sourcecode.swift; path = Videos.swift; sourceTree = "<group>"; };
		CC5B392524C9716400F96FCC /* Model.swift */ = {isa = PBXFileReference; lastKnownFileType = sourcecode.swift; path = Model.swift; sourceTree = "<group>"; };
		CC6ED1A024C92E7300F88E1E /* Youtube-OneDayBuild.app */ = {isa = PBXFileReference; explicitFileType = wrapper.application; includeInIndex = 0; path = "Youtube-OneDayBuild.app"; sourceTree = BUILT_PRODUCTS_DIR; };
		CC6ED1A324C92E7300F88E1E /* AppDelegate.swift */ = {isa = PBXFileReference; lastKnownFileType = sourcecode.swift; path = AppDelegate.swift; sourceTree = "<group>"; };
		CC6ED1A524C92E7300F88E1E /* SceneDelegate.swift */ = {isa = PBXFileReference; lastKnownFileType = sourcecode.swift; path = SceneDelegate.swift; sourceTree = "<group>"; };
		CC6ED1A724C92E7300F88E1E /* ViewController.swift */ = {isa = PBXFileReference; lastKnownFileType = sourcecode.swift; path = ViewController.swift; sourceTree = "<group>"; };
		CC6ED1AA24C92E7300F88E1E /* Base */ = {isa = PBXFileReference; lastKnownFileType = file.storyboard; name = Base; path = Base.lproj/Main.storyboard; sourceTree = "<group>"; };
		CC6ED1AC24C92E7400F88E1E /* Assets.xcassets */ = {isa = PBXFileReference; lastKnownFileType = folder.assetcatalog; path = Assets.xcassets; sourceTree = "<group>"; };
		CC6ED1AF24C92E7400F88E1E /* Base */ = {isa = PBXFileReference; lastKnownFileType = file.storyboard; name = Base; path = Base.lproj/LaunchScreen.storyboard; sourceTree = "<group>"; };
		CC6ED1B124C92E7400F88E1E /* Info.plist */ = {isa = PBXFileReference; lastKnownFileType = text.plist.xml; path = Info.plist; sourceTree = "<group>"; };
		CCCE297824C99C6D00B16ED0 /* Response.swift */ = {isa = PBXFileReference; lastKnownFileType = sourcecode.swift; path = Response.swift; sourceTree = "<group>"; };
		CCF2729D24CE8AA800430407 /* VideoTableViewCell.swift */ = {isa = PBXFileReference; lastKnownFileType = sourcecode.swift; path = VideoTableViewCell.swift; sourceTree = "<group>"; };
/* End PBXFileReference section */

/* Begin PBXFrameworksBuildPhase section */
		CC6ED19D24C92E7300F88E1E /* Frameworks */ = {
			isa = PBXFrameworksBuildPhase;
			buildActionMask = 2147483647;
			files = (
			);
			runOnlyForDeploymentPostprocessing = 0;
		};
/* End PBXFrameworksBuildPhase section */

/* Begin PBXGroup section */
		CC6ED19724C92E7300F88E1E = {
			isa = PBXGroup;
			children = (
				CC6ED1A224C92E7300F88E1E /* Youtube-OneDayBuild */,
				CC6ED1A124C92E7300F88E1E /* Products */,
			);
			sourceTree = "<group>";
		};
		CC6ED1A124C92E7300F88E1E /* Products */ = {
			isa = PBXGroup;
			children = (
				CC6ED1A024C92E7300F88E1E /* Youtube-OneDayBuild.app */,
			);
			name = Products;
			sourceTree = "<group>";
		};
		CC6ED1A224C92E7300F88E1E /* Youtube-OneDayBuild */ = {
			isa = PBXGroup;
			children = (
				CC6ED1A324C92E7300F88E1E /* AppDelegate.swift */,
				CC6ED1A524C92E7300F88E1E /* SceneDelegate.swift */,
				CCF272A324CE8B1000430407 /* Helpers */,
				CCF272A224CE8B0800430407 /* Storyboards */,
				CCF272A124CE8AF400430407 /* Models */,
				CCF272A024CE8AEC00430407 /* Views */,
				CCF2729F24CE8AE200430407 /* View Controller */,
				CC6ED1AC24C92E7400F88E1E /* Assets.xcassets */,
				CC6ED1B124C92E7400F88E1E /* Info.plist */,
			);
			path = "Youtube-OneDayBuild";
			sourceTree = "<group>";
		};
		CCF2729F24CE8AE200430407 /* View Controller */ = {
			isa = PBXGroup;
			children = (
				CC6ED1A724C92E7300F88E1E /* ViewController.swift */,
			);
			path = "View Controller";
			sourceTree = "<group>";
		};
		CCF272A024CE8AEC00430407 /* Views */ = {
			isa = PBXGroup;
			children = (
				CCF2729D24CE8AA800430407 /* VideoTableViewCell.swift */,
			);
			path = Views;
			sourceTree = "<group>";
		};
		CCF272A124CE8AF400430407 /* Models */ = {
			isa = PBXGroup;
			children = (
				CC5B392324C9710E00F96FCC /* Videos.swift */,
				CC5B392524C9716400F96FCC /* Model.swift */,
				CCCE297824C99C6D00B16ED0 /* Response.swift */,
			);
			path = Models;
			sourceTree = "<group>";
		};
		CCF272A224CE8B0800430407 /* Storyboards */ = {
			isa = PBXGroup;
			children = (
				CC6ED1A924C92E7300F88E1E /* Main.storyboard */,
				CC6ED1AE24C92E7400F88E1E /* LaunchScreen.storyboard */,
			);
			path = Storyboards;
			sourceTree = "<group>";
		};
		CCF272A324CE8B1000430407 /* Helpers */ = {
			isa = PBXGroup;
			children = (
				CC047A6A24C94F93006924B3 /* Constants.swift */,
				CC3CD31924CEB63C00BE75E8 /* CacheManager.swift */,
			);
			path = Helpers;
			sourceTree = "<group>";
		};
/* End PBXGroup section */

/* Begin PBXNativeTarget section */
		CC6ED19F24C92E7300F88E1E /* Youtube-OneDayBuild */ = {
			isa = PBXNativeTarget;
			buildConfigurationList = CC6ED1B424C92E7400F88E1E /* Build configuration list for PBXNativeTarget "Youtube-OneDayBuild" */;
			buildPhases = (
				CC6ED19C24C92E7300F88E1E /* Sources */,
				CC6ED19D24C92E7300F88E1E /* Frameworks */,
				CC6ED19E24C92E7300F88E1E /* Resources */,
			);
			buildRules = (
			);
			dependencies = (
			);
			name = "Youtube-OneDayBuild";
			productName = "Youtube-OneDayBuild";
			productReference = CC6ED1A024C92E7300F88E1E /* Youtube-OneDayBuild.app */;
			productType = "com.apple.product-type.application";
		};
/* End PBXNativeTarget section */

/* Begin PBXProject section */
		CC6ED19824C92E7300F88E1E /* Project object */ = {
			isa = PBXProject;
			attributes = {
				LastSwiftUpdateCheck = 1160;
				LastUpgradeCheck = 1160;
				ORGANIZATIONNAME = "Linh Tuan";
				TargetAttributes = {
					CC6ED19F24C92E7300F88E1E = {
						CreatedOnToolsVersion = 11.6;
					};
				};
			};
			buildConfigurationList = CC6ED19B24C92E7300F88E1E /* Build configuration list for PBXProject "Youtube-OneDayBuild" */;
			compatibilityVersion = "Xcode 9.3";
			developmentRegion = en;
			hasScannedForEncodings = 0;
			knownRegions = (
				en,
				Base,
			);
			mainGroup = CC6ED19724C92E7300F88E1E;
			productRefGroup = CC6ED1A124C92E7300F88E1E /* Products */;
			projectDirPath = "";
			projectRoot = "";
			targets = (
				CC6ED19F24C92E7300F88E1E /* Youtube-OneDayBuild */,
			);
		};
/* End PBXProject section */

/* Begin PBXResourcesBuildPhase section */
		CC6ED19E24C92E7300F88E1E /* Resources */ = {
			isa = PBXResourcesBuildPhase;
			buildActionMask = 2147483647;
			files = (
				CC6ED1B024C92E7400F88E1E /* LaunchScreen.storyboard in Resources */,
				CC6ED1AD24C92E7400F88E1E /* Assets.xcassets in Resources */,
				CC6ED1AB24C92E7300F88E1E /* Main.storyboard in Resources */,
			);
			runOnlyForDeploymentPostprocessing = 0;
		};
/* End PBXResourcesBuildPhase section */

/* Begin PBXSourcesBuildPhase section */
		CC6ED19C24C92E7300F88E1E /* Sources */ = {
			isa = PBXSourcesBuildPhase;
			buildActionMask = 2147483647;
			files = (
				CC6ED1A824C92E7300F88E1E /* ViewController.swift in Sources */,
				CC3CD31A24CEB63C00BE75E8 /* CacheManager.swift in Sources */,
				CC6ED1A424C92E7300F88E1E /* AppDelegate.swift in Sources */,
				CC6ED1A624C92E7300F88E1E /* SceneDelegate.swift in Sources */,
				CC5B392624C9716400F96FCC /* Model.swift in Sources */,
				CC5B392424C9710E00F96FCC /* Videos.swift in Sources */,
				CCF2729E24CE8AA800430407 /* VideoTableViewCell.swift in Sources */,
				CC047A6B24C94F93006924B3 /* Constants.swift in Sources */,
				CCCE297924C99C6D00B16ED0 /* Response.swift in Sources */,
			);
			runOnlyForDeploymentPostprocessing = 0;
		};
/* End PBXSourcesBuildPhase section */

/* Begin PBXVariantGroup section */
		CC6ED1A924C92E7300F88E1E /* Main.storyboard */ = {
			isa = PBXVariantGroup;
			children = (
				CC6ED1AA24C92E7300F88E1E /* Base */,
			);
			name = Main.storyboard;
			sourceTree = "<group>";
		};
		CC6ED1AE24C92E7400F88E1E /* LaunchScreen.storyboard */ = {
			isa = PBXVariantGroup;
			children = (
				CC6ED1AF24C92E7400F88E1E /* Base */,
			);
			name = LaunchScreen.storyboard;
			sourceTree = "<group>";
		};
/* End PBXVariantGroup section */

/* Begin XCBuildConfiguration section */
		CC6ED1B224C92E7400F88E1E /* Debug */ = {
			isa = XCBuildConfiguration;
			buildSettings = {
				ALWAYS_SEARCH_USER_PATHS = NO;
				CLANG_ANALYZER_NONNULL = YES;
				CLANG_ANALYZER_NUMBER_OBJECT_CONVERSION = YES_AGGRESSIVE;
				CLANG_CXX_LANGUAGE_STANDARD = "gnu++14";
				CLANG_CXX_LIBRARY = "libc++";
				CLANG_ENABLE_MODULES = YES;
				CLANG_ENABLE_OBJC_ARC = YES;
				CLANG_ENABLE_OBJC_WEAK = YES;
				CLANG_WARN_BLOCK_CAPTURE_AUTORELEASING = YES;
				CLANG_WARN_BOOL_CONVERSION = YES;
				CLANG_WARN_COMMA = YES;
				CLANG_WARN_CONSTANT_CONVERSION = YES;
				CLANG_WARN_DEPRECATED_OBJC_IMPLEMENTATIONS = YES;
				CLANG_WARN_DIRECT_OBJC_ISA_USAGE = YES_ERROR;
				CLANG_WARN_DOCUMENTATION_COMMENTS = YES;
				CLANG_WARN_EMPTY_BODY = YES;
				CLANG_WARN_ENUM_CONVERSION = YES;
				CLANG_WARN_INFINITE_RECURSION = YES;
				CLANG_WARN_INT_CONVERSION = YES;
				CLANG_WARN_NON_LITERAL_NULL_CONVERSION = YES;
				CLANG_WARN_OBJC_IMPLICIT_RETAIN_SELF = YES;
				CLANG_WARN_OBJC_LITERAL_CONVERSION = YES;
				CLANG_WARN_OBJC_ROOT_CLASS = YES_ERROR;
				CLANG_WARN_RANGE_LOOP_ANALYSIS = YES;
				CLANG_WARN_STRICT_PROTOTYPES = YES;
				CLANG_WARN_SUSPICIOUS_MOVE = YES;
				CLANG_WARN_UNGUARDED_AVAILABILITY = YES_AGGRESSIVE;
				CLANG_WARN_UNREACHABLE_CODE = YES;
				CLANG_WARN__DUPLICATE_METHOD_MATCH = YES;
				COPY_PHASE_STRIP = NO;
				DEBUG_INFORMATION_FORMAT = dwarf;
				ENABLE_STRICT_OBJC_MSGSEND = YES;
				ENABLE_TESTABILITY = YES;
				GCC_C_LANGUAGE_STANDARD = gnu11;
				GCC_DYNAMIC_NO_PIC = NO;
				GCC_NO_COMMON_BLOCKS = YES;
				GCC_OPTIMIZATION_LEVEL = 0;
				GCC_PREPROCESSOR_DEFINITIONS = (
					"DEBUG=1",
					"$(inherited)",
				);
				GCC_WARN_64_TO_32_BIT_CONVERSION = YES;
				GCC_WARN_ABOUT_RETURN_TYPE = YES_ERROR;
				GCC_WARN_UNDECLARED_SELECTOR = YES;
				GCC_WARN_UNINITIALIZED_AUTOS = YES_AGGRESSIVE;
				GCC_WARN_UNUSED_FUNCTION = YES;
				GCC_WARN_UNUSED_VARIABLE = YES;
				IPHONEOS_DEPLOYMENT_TARGET = 13.6;
				MTL_ENABLE_DEBUG_INFO = INCLUDE_SOURCE;
				MTL_FAST_MATH = YES;
				ONLY_ACTIVE_ARCH = YES;
				SDKROOT = iphoneos;
				SWIFT_ACTIVE_COMPILATION_CONDITIONS = DEBUG;
				SWIFT_OPTIMIZATION_LEVEL = "-Onone";
			};
			name = Debug;
		};
		CC6ED1B324C92E7400F88E1E /* Release */ = {
			isa = XCBuildConfiguration;
			buildSettings = {
				ALWAYS_SEARCH_USER_PATHS = NO;
				CLANG_ANALYZER_NONNULL = YES;
				CLANG_ANALYZER_NUMBER_OBJECT_CONVERSION = YES_AGGRESSIVE;
				CLANG_CXX_LANGUAGE_STANDARD = "gnu++14";
				CLANG_CXX_LIBRARY = "libc++";
				CLANG_ENABLE_MODULES = YES;
				CLANG_ENABLE_OBJC_ARC = YES;
				CLANG_ENABLE_OBJC_WEAK = YES;
				CLANG_WARN_BLOCK_CAPTURE_AUTORELEASING = YES;
				CLANG_WARN_BOOL_CONVERSION = YES;
				CLANG_WARN_COMMA = YES;
				CLANG_WARN_CONSTANT_CONVERSION = YES;
				CLANG_WARN_DEPRECATED_OBJC_IMPLEMENTATIONS = YES;
				CLANG_WARN_DIRECT_OBJC_ISA_USAGE = YES_ERROR;
				CLANG_WARN_DOCUMENTATION_COMMENTS = YES;
				CLANG_WARN_EMPTY_BODY = YES;
				CLANG_WARN_ENUM_CONVERSION = YES;
				CLANG_WARN_INFINITE_RECURSION = YES;
				CLANG_WARN_INT_CONVERSION = YES;
				CLANG_WARN_NON_LITERAL_NULL_CONVERSION = YES;
				CLANG_WARN_OBJC_IMPLICIT_RETAIN_SELF = YES;
				CLANG_WARN_OBJC_LITERAL_CONVERSION = YES;
				CLANG_WARN_OBJC_ROOT_CLASS = YES_ERROR;
				CLANG_WARN_RANGE_LOOP_ANALYSIS = YES;
				CLANG_WARN_STRICT_PROTOTYPES = YES;
				CLANG_WARN_SUSPICIOUS_MOVE = YES;
				CLANG_WARN_UNGUARDED_AVAILABILITY = YES_AGGRESSIVE;
				CLANG_WARN_UNREACHABLE_CODE = YES;
				CLANG_WARN__DUPLICATE_METHOD_MATCH = YES;
				COPY_PHASE_STRIP = NO;
				DEBUG_INFORMATION_FORMAT = "dwarf-with-dsym";
				ENABLE_NS_ASSERTIONS = NO;
				ENABLE_STRICT_OBJC_MSGSEND = YES;
				GCC_C_LANGUAGE_STANDARD = gnu11;
				GCC_NO_COMMON_BLOCKS = YES;
				GCC_WARN_64_TO_32_BIT_CONVERSION = YES;
				GCC_WARN_ABOUT_RETURN_TYPE = YES_ERROR;
				GCC_WARN_UNDECLARED_SELECTOR = YES;
				GCC_WARN_UNINITIALIZED_AUTOS = YES_AGGRESSIVE;
				GCC_WARN_UNUSED_FUNCTION = YES;
				GCC_WARN_UNUSED_VARIABLE = YES;
				IPHONEOS_DEPLOYMENT_TARGET = 13.6;
				MTL_ENABLE_DEBUG_INFO = NO;
				MTL_FAST_MATH = YES;
				SDKROOT = iphoneos;
				SWIFT_COMPILATION_MODE = wholemodule;
				SWIFT_OPTIMIZATION_LEVEL = "-O";
				VALIDATE_PRODUCT = YES;
			};
			name = Release;
		};
		CC6ED1B524C92E7400F88E1E /* Debug */ = {
			isa = XCBuildConfiguration;
			buildSettings = {
				ASSETCATALOG_COMPILER_APPICON_NAME = AppIcon;
				CODE_SIGN_STYLE = Automatic;
				DEVELOPMENT_TEAM = 63YJL3F3Y3;
				INFOPLIST_FILE = "Youtube-OneDayBuild/Info.plist";
				IPHONEOS_DEPLOYMENT_TARGET = 11.0;
				LD_RUNPATH_SEARCH_PATHS = (
					"$(inherited)",
					"@executable_path/Frameworks",
				);
				PRODUCT_BUNDLE_IDENTIFIER = "com.paditech.Youtube-OneDayBuild";
				PRODUCT_NAME = "$(TARGET_NAME)";
				SWIFT_VERSION = 5.0;
				TARGETED_DEVICE_FAMILY = "1,2";
			};
			name = Debug;
		};
		CC6ED1B624C92E7400F88E1E /* Release */ = {
			isa = XCBuildConfiguration;
			buildSettings = {
				ASSETCATALOG_COMPILER_APPICON_NAME = AppIcon;
				CODE_SIGN_STYLE = Automatic;
				DEVELOPMENT_TEAM = 63YJL3F3Y3;
				INFOPLIST_FILE = "Youtube-OneDayBuild/Info.plist";
				IPHONEOS_DEPLOYMENT_TARGET = 11.0;
				LD_RUNPATH_SEARCH_PATHS = (
					"$(inherited)",
					"@executable_path/Frameworks",
				);
				PRODUCT_BUNDLE_IDENTIFIER = "com.paditech.Youtube-OneDayBuild";
				PRODUCT_NAME = "$(TARGET_NAME)";
				SWIFT_VERSION = 5.0;
				TARGETED_DEVICE_FAMILY = "1,2";
			};
			name = Release;
		};
/* End XCBuildConfiguration section */

/* Begin XCConfigurationList section */
		CC6ED19B24C92E7300F88E1E /* Build configuration list for PBXProject "Youtube-OneDayBuild" */ = {
			isa = XCConfigurationList;
			buildConfigurations = (
				CC6ED1B224C92E7400F88E1E /* Debug */,
				CC6ED1B324C92E7400F88E1E /* Release */,
			);
			defaultConfigurationIsVisible = 0;
			defaultConfigurationName = Release;
		};
		CC6ED1B424C92E7400F88E1E /* Build configuration list for PBXNativeTarget "Youtube-OneDayBuild" */ = {
			isa = XCConfigurationList;
			buildConfigurations = (
				CC6ED1B524C92E7400F88E1E /* Debug */,
				CC6ED1B624C92E7400F88E1E /* Release */,
			);
			defaultConfigurationIsVisible = 0;
			defaultConfigurationName = Release;
		};
/* End XCConfigurationList section */
	};
	rootObject = CC6ED19824C92E7300F88E1E /* Project object */;
}
